<?xml version="1.0" encoding="utf-8"?>
<Project ToolsVersion="4.0" xmlns="http://schemas.microsoft.com/developer/msbuild/2003">
  <ItemGroup>
    <ClCompile Include="Cell.cpp">
      <Filter>Source Files</Filter>
    </ClCompile>
    <ClCompile Include="Grid.cpp">
      <Filter>Source Files</Filter>
    </ClCompile>
    <ClCompile Include="InitialisationError.cpp">
      <Filter>Source Files</Filter>
    </ClCompile>
    <ClCompile Include="Map.cpp">
      <Filter>Source Files</Filter>
    </ClCompile>
    <ClCompile Include="Oxygen.cpp">
      <Filter>Source Files</Filter>
    </ClCompile>
    <ClCompile Include="Texture.cpp">
      <Filter>Source Files</Filter>
    </ClCompile>
    <ClCompile Include="SpaceGame.cpp">
      <Filter>Source Files</Filter>
    </ClCompile>
    <ClCompile Include="stdafx.cpp">
      <Filter>Source Files</Filter>
    </ClCompile>
    <ClCompile Include="SDL_project.cpp">
      <Filter>Source Files</Filter>
    </ClCompile>
    <ClCompile Include="Character.cpp">
      <Filter>Source Files\Character classes</Filter>
    </ClCompile>
    <ClCompile Include="MainCharacter.cpp">
      <Filter>Source Files\Character classes</Filter>
    </ClCompile>
    <ClCompile Include="SubCharacter.cpp">
      <Filter>Source Files\Character classes</Filter>
    </ClCompile>
    <ClCompile Include="CharacterState.cpp">
      <Filter>Source Files\States</Filter>
    </ClCompile>
    <ClCompile Include="DeadState.cpp">
      <Filter>Source Files\States</Filter>
    </ClCompile>
    <ClCompile Include="IdleState.cpp">
      <Filter>Source Files\States</Filter>
    </ClCompile>
    <ClCompile Include="LowOxygenState.cpp">
      <Filter>Source Files\States</Filter>
    </ClCompile>
    <ClCompile Include="OnFire.cpp">
      <Filter>Source Files\States</Filter>
    </ClCompile>
    <ClCompile Include="PlayerControlledState.cpp">
      <Filter>Source Files\States</Filter>
    </ClCompile>
    <ClCompile Include="WanderingState.cpp">
      <Filter>Source Files\States</Filter>
    </ClCompile>
    <ClCompile Include="ISSLocation.cpp">
      <Filter>Source Files</Filter>
    </ClCompile>
  </ItemGroup>
  <ItemGroup>
    <ClInclude Include="SDL_project.h" />
    <ClInclude Include="Cell.h">
      <Filter>Header Files</Filter>
    </ClInclude>
    <ClInclude Include="GameConfiguration.h">
      <Filter>Header Files</Filter>
    </ClInclude>
    <ClInclude Include="InitialisationError.h">
      <Filter>Header Files</Filter>
    </ClInclude>
    <ClInclude Include="Grid.h">
      <Filter>Header Files</Filter>
    </ClInclude>
    <ClInclude Include="Map.h">
      <Filter>Header Files</Filter>
    </ClInclude>
    <ClInclude Include="Oxygen.h">
      <Filter>Header Files</Filter>
    </ClInclude>
    <ClInclude Include="Resource.h">
      <Filter>Header Files</Filter>
    </ClInclude>
    <ClInclude Include="SpaceGame.h">
      <Filter>Header Files</Filter>
    </ClInclude>
    <ClInclude Include="stdafx.h">
      <Filter>Header Files</Filter>
    </ClInclude>
    <ClInclude Include="targetver.h">
      <Filter>Header Files</Filter>
    </ClInclude>
    <ClInclude Include="Texture.h">
      <Filter>Header Files</Filter>
    </ClInclude>
    <ClInclude Include="CharacterState.h">
      <Filter>Header Files\States</Filter>
    </ClInclude>
    <ClInclude Include="DeadState.h">
      <Filter>Header Files\States</Filter>
    </ClInclude>
    <ClInclude Include="IdleState.h">
      <Filter>Header Files\States</Filter>
    </ClInclude>
    <ClInclude Include="LowOxygenState.h">
      <Filter>Header Files\States</Filter>
    </ClInclude>
    <ClInclude Include="PlayerControlledState.h">
      <Filter>Header Files\States</Filter>
    </ClInclude>
    <ClInclude Include="WanderingState.h">
      <Filter>Header Files\States</Filter>
    </ClInclude>
    <ClInclude Include="OnFire.h">
      <Filter>Header Files\States</Filter>
    </ClInclude>
    <ClInclude Include="SubCharacter.h">
      <Filter>Header Files\Character classes</Filter>
    </ClInclude>
    <ClInclude Include="MainCharacter.h">
      <Filter>Header Files\Character classes</Filter>
    </ClInclude>
    <ClInclude Include="Character.h">
      <Filter>Header Files\Character classes</Filter>
    </ClInclude>
    <ClInclude Include="ISSLocation.h">
      <Filter>Header Files</Filter>
    </ClInclude>
  </ItemGroup>
  <ItemGroup>
    <ResourceCompile Include="SDL_project.rc" />
  </ItemGroup>
  <ItemGroup>
    <Image Include="SDL_project.ico" />
    <Image Include="small.ico" />
  </ItemGroup>
  <ItemGroup>
    <Text Include="ReadMe.txt" />
  </ItemGroup>
  <ItemGroup>
    <Filter Include="Header Files">
      <UniqueIdentifier>{46785320-0c6f-42e4-be50-5c2b620c52b2}</UniqueIdentifier>
    </Filter>
    <Filter Include="Source Files">
      <UniqueIdentifier>{8b40973f-ac10-494f-a962-082fa5d94da2}</UniqueIdentifier>
    </Filter>
    <Filter Include="Header Files\States">
      <UniqueIdentifier>{8682df16-b454-47df-91ba-a9fba947fb63}</UniqueIdentifier>
    </Filter>
    <Filter Include="Header Files\Character classes">
      <UniqueIdentifier>{76e8a869-c0fe-40af-8cad-ef364b477914}</UniqueIdentifier>
    </Filter>
    <Filter Include="Source Files\States">
      <UniqueIdentifier>{503e3c11-fcc0-45c1-983a-2d3cea0b90b2}</UniqueIdentifier>
    </Filter>
    <Filter Include="Source Files\Character classes">
      <UniqueIdentifier>{2feee95f-f8e8-48ec-9d40-b074996e0cc9}</UniqueIdentifier>
    </Filter>
  </ItemGroup>
  <ItemGroup>
    <None Include="packages.config" />
  </ItemGroup>
</Project>